
Microsoft Visual Studio Solution File, Format Version 12.00
# Visual Studio Version 16
VisualStudioVersion = 16.0.30204.135
MinimumVisualStudioVersion = 10.0.40219.1
Project("{FAE04EC0-301F-11D3-BF4B-00C04F79EFBC}") = "NRGTest", "NRGTest\NRGTest.csproj", "{C2FC726C-EE64-4088-A148-A125E05B61A6}"
EndProject
Project("{FAE04EC0-301F-11D3-BF4B-00C04F79EFBC}") = "NRGClasses", "NRGClasses\NRGClasses.csproj", "{0FDB75F1-7622-4751-B8DF-EE36AC43BF8C}"
EndProject
Project("{FAE04EC0-301F-11D3-BF4B-00C04F79EFBC}") = "NRGBusiness", "NRGBusiness\NRGBusiness.csproj", "{3851D2E9-FA3D-410F-84D1-25E14C351D13}"
EndProject
Global
	GlobalSection(SolutionConfigurationPlatforms) = preSolution
		Debug|Any CPU = Debug|Any CPU
		Release|Any CPU = Release|Any CPU
	EndGlobalSection
	GlobalSection(ProjectConfigurationPlatforms) = postSolution
		{C2FC726C-EE64-4088-A148-A125E05B61A6}.Debug|Any CPU.ActiveCfg = Debug|Any CPU
		{C2FC726C-EE64-4088-A148-A125E05B61A6}.Debug|Any CPU.Build.0 = Debug|Any CPU
		{C2FC726C-EE64-4088-A148-A125E05B61A6}.Release|Any CPU.ActiveCfg = Release|Any CPU
		{C2FC726C-EE64-4088-A148-A125E05B61A6}.Release|Any CPU.Build.0 = Release|Any CPU
		{0FDB75F1-7622-4751-B8DF-EE36AC43BF8C}.Debug|Any CPU.ActiveCfg = Debug|Any CPU
		{0FDB75F1-7622-4751-B8DF-EE36AC43BF8C}.Debug|Any CPU.Build.0 = Debug|Any CPU
		{0FDB75F1-7622-4751-B8DF-EE36AC43BF8C}.Release|Any CPU.ActiveCfg = Release|Any CPU
		{0FDB75F1-7622-4751-B8DF-EE36AC43BF8C}.Release|Any CPU.Build.0 = Release|Any CPU
		{3851D2E9-FA3D-410F-84D1-25E14C351D13}.Debug|Any CPU.ActiveCfg = Debug|Any CPU
		{3851D2E9-FA3D-410F-84D1-25E14C351D13}.Debug|Any CPU.Build.0 = Debug|Any CPU
		{3851D2E9-FA3D-410F-84D1-25E14C351D13}.Release|Any CPU.ActiveCfg = Release|Any CPU
		{3851D2E9-FA3D-410F-84D1-25E14C351D13}.Release|Any CPU.Build.0 = Release|Any CPU
	EndGlobalSection
	GlobalSection(SolutionProperties) = preSolution
		HideSolutionNode = FALSE
	EndGlobalSection
	GlobalSection(ExtensibilityGlobals) = postSolution
		SolutionGuid = {65BAEF64-9E05-460A-A30F-86DA360E0B5E}
	EndGlobalSection
EndGlobal
